
Microsoft Visual Studio Solution File, Format Version 12.00
# Visual Studio Version 17
VisualStudioVersion = 17.13.35931.197 d17.13
MinimumVisualStudioVersion = 10.0.40219.1
Project("{FAE04EC0-301F-11D3-BF4B-00C04F79EFBC}") = "oop", "oop\oop.csproj", "{BD038777-94CF-40B2-8C7E-5D753C50B35A}"
EndProject
Global
	GlobalSection(SolutionConfigurationPlatforms) = preSolution
		Debug|Any CPU = Debug|Any CPU
		Release|Any CPU = Release|Any CPU
	EndGlobalSection
	GlobalSection(ProjectConfigurationPlatforms) = postSolution
		{BD038777-94CF-40B2-8C7E-5D753C50B35A}.Debug|Any CPU.ActiveCfg = Debug|Any CPU
		{BD038777-94CF-40B2-8C7E-5D753C50B35A}.Debug|Any CPU.Build.0 = Debug|Any CPU
		{BD038777-94CF-40B2-8C7E-5D753C50B35A}.Release|Any CPU.ActiveCfg = Release|Any CPU
		{BD038777-94CF-40B2-8C7E-5D753C50B35A}.Release|Any CPU.Build.0 = Release|Any CPU
	EndGlobalSection
	GlobalSection(SolutionProperties) = preSolution
		HideSolutionNode = FALSE
	EndGlobalSection
	GlobalSection(ExtensibilityGlobals) = postSolution
		SolutionGuid = {728ECC76-3B0C-4D01-A717-97611CE92A4A}
	EndGlobalSection
EndGlobal
